
Microsoft Visual Studio Solution File, Format Version 12.00
# Visual Studio Version 17
VisualStudioVersion = 17.0.32014.148
MinimumVisualStudioVersion = 10.0.40219.1
Project("{FAE04EC0-301F-11D3-BF4B-00C04F79EFBC}") = "Magic8-Ball", "Magic8-Ball.csproj", "{8EE93096-C614-4380-963A-1EB034F0B3F2}"
EndProject
Global
	GlobalSection(SolutionConfigurationPlatforms) = preSolution
		Debug|Any CPU = Debug|Any CPU
		Release|Any CPU = Release|Any CPU
	EndGlobalSection
	GlobalSection(ProjectConfigurationPlatforms) = postSolution
		{8EE93096-C614-4380-963A-1EB034F0B3F2}.Debug|Any CPU.ActiveCfg = Debug|Any CPU
		{8EE93096-C614-4380-963A-1EB034F0B3F2}.Debug|Any CPU.Build.0 = Debug|Any CPU
		{8EE93096-C614-4380-963A-1EB034F0B3F2}.Release|Any CPU.ActiveCfg = Release|Any CPU
		{8EE93096-C614-4380-963A-1EB034F0B3F2}.Release|Any CPU.Build.0 = Release|Any CPU
	EndGlobalSection
	GlobalSection(SolutionProperties) = preSolution
		HideSolutionNode = FALSE
	EndGlobalSection
	GlobalSection(ExtensibilityGlobals) = postSolution
		SolutionGuid = {8E1BE3D2-45EE-4EF2-883E-A5A2D817D8BA}
	EndGlobalSection
EndGlobal
